Microsoft Visual Studio Solution File, Format Version 9.00
# Visual Studio 2005
Project("{FAE04EC0-301F-11D3-BF4B-00C04F79EFBC}") = "OpenSim.Storage.LocalStorageDb4o", "..\zircon\OpenSim.Storage\LocalStorageDb4o\OpenSim.Storage.LocalStorageDb4o.csproj", "{C3B52E2D-1ABD-43F7-955B-EFE46870BEC8}"
EndProject
Project("{FAE04EC0-301F-11D3-BF4B-00C04F79EFBC}") = "OpenSim.Framework.Console", "..\zircon\OpenSim.Framework.Console\OpenSim.Framework.Console.csproj", "{E6DE88A1-3D78-409A-A3FB-70B3CAD1D7AA}"
EndProject
Project("{FAE04EC0-301F-11D3-BF4B-00C04F79EFBC}") = "OpenSim.Config.SimConfigDb4o", "..\zircon\OpenSim.Config\SimConfigDb4o\OpenSim.Config.SimConfigDb4o.csproj", "{703AD62C-A2FF-47D9-A5AC-8FF376383160}"
EndProject
Project("{FAE04EC0-301F-11D3-BF4B-00C04F79EFBC}") = "OpenSim.Physics.BasicPhysicsPlugin", "..\zircon\OpenSim.Physics\BasicPhysicsPlugin\OpenSim.Physics.BasicPhysicsPlugin.csproj", "{3F42F6A8-B9A2-4232-8FFA-27742D4445A0}"
EndProject
Project("{FAE04EC0-301F-11D3-BF4B-00C04F79EFBC}") = "OpenSim.GridInterfaces.Remote", "..\zircon\OpenSim.GridInterfaces\Remote\OpenSim.GridInterfaces.Remote.csproj", "{E135AFC1-7D41-4CC1-AFF9-B4661D10235C}"
EndProject
Project("{FAE04EC0-301F-11D3-BF4B-00C04F79EFBC}") = "OpenSim.Framework", "..\zircon\OpenSim.Framework\OpenSim.Framework.csproj", "{A3BA45EE-E862-43DA-8FC6-B4A7095232E1}"
EndProject
Project("{FAE04EC0-301F-11D3-BF4B-00C04F79EFBC}") = "OpenSim.Physics.PhysXplugin", "..\zircon\OpenSim.Physics\PhysXplugin\OpenSim.Physics.PhysXplugin.csproj", "{22BC0AD0-0103-4EE2-ADEB-8095769003FC}"
EndProject
Project("{FAE04EC0-301F-11D3-BF4B-00C04F79EFBC}") = "OpenSim.RegionServer", "..\zircon\OpenSim.RegionServer\OpenSim.RegionServer.csproj", "{EBC0B23A-D0CB-4CBD-A5E0-2E8AFD17C350}"
EndProject
Project("{FAE04EC0-301F-11D3-BF4B-00C04F79EFBC}") = "OpenSim.Physics.Manager", "..\zircon\OpenSim.Physics\Manager\OpenSim.Physics.Manager.csproj", "{90BDBEB8-6FDD-46FC-8C97-B9DF3DDC8ECB}"
EndProject
Project("{FAE04EC0-301F-11D3-BF4B-00C04F79EFBC}") = "OpenSim.GridInterfaces.Local", "..\zircon\OpenSim.GridInterfaces\Local\OpenSim.GridInterfaces.Local.csproj", "{FD69E5B6-5F48-4ECF-A920-E95AB1C0A630}"
EndProject
Global
	GlobalSection(SolutionConfigurationPlatforms) = preSolution
		Debug|Any CPU = Debug|Any CPU
		Release|Any CPU = Release|Any CPU
	EndGlobalSection
	GlobalSection(ProjectDependencies) = postSolution
		({C3B52E2D-1ABD-43F7-955B-EFE46870BEC8}).4 = ({A3BA45EE-E862-43DA-8FC6-B4A7095232E1})
		({C3B52E2D-1ABD-43F7-955B-EFE46870BEC8}).5 = ({E6DE88A1-3D78-409A-A3FB-70B3CAD1D7AA})
		({703AD62C-A2FF-47D9-A5AC-8FF376383160}).5 = ({A3BA45EE-E862-43DA-8FC6-B4A7095232E1})
		({703AD62C-A2FF-47D9-A5AC-8FF376383160}).6 = ({E6DE88A1-3D78-409A-A3FB-70B3CAD1D7AA})
		({3F42F6A8-B9A2-4232-8FFA-27742D4445A0}).2 = ({90BDBEB8-6FDD-46FC-8C97-B9DF3DDC8ECB})
		({E135AFC1-7D41-4CC1-AFF9-B4661D10235C}).3 = ({A3BA45EE-E862-43DA-8FC6-B4A7095232E1})
		({E135AFC1-7D41-4CC1-AFF9-B4661D10235C}).4 = ({E6DE88A1-3D78-409A-A3FB-70B3CAD1D7AA})
		({22BC0AD0-0103-4EE2-ADEB-8095769003FC}).3 = ({90BDBEB8-6FDD-46FC-8C97-B9DF3DDC8ECB})
		({EBC0B23A-D0CB-4CBD-A5E0-2E8AFD17C350}).5 = ({E6DE88A1-3D78-409A-A3FB-70B3CAD1D7AA})
		({EBC0B23A-D0CB-4CBD-A5E0-2E8AFD17C350}).6 = ({90BDBEB8-6FDD-46FC-8C97-B9DF3DDC8ECB})
		({EBC0B23A-D0CB-4CBD-A5E0-2E8AFD17C350}).7 = ({A3BA45EE-E862-43DA-8FC6-B4A7095232E1})
		({90BDBEB8-6FDD-46FC-8C97-B9DF3DDC8ECB}).3 = ({E6DE88A1-3D78-409A-A3FB-70B3CAD1D7AA})
		({FD69E5B6-5F48-4ECF-A920-E95AB1C0A630}).4 = ({A3BA45EE-E862-43DA-8FC6-B4A7095232E1})
		({FD69E5B6-5F48-4ECF-A920-E95AB1C0A630}).5 = ({E6DE88A1-3D78-409A-A3FB-70B3CAD1D7AA})
	EndGlobalSection
	GlobalSection(ProjectConfigurationPlatforms) = postSolution
		{C3B52E2D-1ABD-43F7-955B-EFE46870BEC8}.Debug|Any CPU.ActiveCfg = Debug|Any CPU
		{C3B52E2D-1ABD-43F7-955B-EFE46870BEC8}.Debug|Any CPU.Build.0 = Debug|Any CPU
		{C3B52E2D-1ABD-43F7-955B-EFE46870BEC8}.Release|Any CPU.ActiveCfg = Release|Any CPU
		{C3B52E2D-1ABD-43F7-955B-EFE46870BEC8}.Release|Any CPU.Build.0 = Release|Any CPU
		{E6DE88A1-3D78-409A-A3FB-70B3CAD1D7AA}.Debug|Any CPU.ActiveCfg = Debug|Any CPU
		{E6DE88A1-3D78-409A-A3FB-70B3CAD1D7AA}.Debug|Any CPU.Build.0 = Debug|Any CPU
		{E6DE88A1-3D78-409A-A3FB-70B3CAD1D7AA}.Release|Any CPU.ActiveCfg = Release|Any CPU
		{E6DE88A1-3D78-409A-A3FB-70B3CAD1D7AA}.Release|Any CPU.Build.0 = Release|Any CPU
		{703AD62C-A2FF-47D9-A5AC-8FF376383160}.Debug|Any CPU.ActiveCfg = Debug|Any CPU
		{703AD62C-A2FF-47D9-A5AC-8FF376383160}.Debug|Any CPU.Build.0 = Debug|Any CPU
		{703AD62C-A2FF-47D9-A5AC-8FF376383160}.Release|Any CPU.ActiveCfg = Release|Any CPU
		{703AD62C-A2FF-47D9-A5AC-8FF376383160}.Release|Any CPU.Build.0 = Release|Any CPU
		{3F42F6A8-B9A2-4232-8FFA-27742D4445A0}.Debug|Any CPU.ActiveCfg = Debug|Any CPU
		{3F42F6A8-B9A2-4232-8FFA-27742D4445A0}.Debug|Any CPU.Build.0 = Debug|Any CPU
		{3F42F6A8-B9A2-4232-8FFA-27742D4445A0}.Release|Any CPU.ActiveCfg = Release|Any CPU
		{3F42F6A8-B9A2-4232-8FFA-27742D4445A0}.Release|Any CPU.Build.0 = Release|Any CPU
		{E135AFC1-7D41-4CC1-AFF9-B4661D10235C}.Debug|Any CPU.ActiveCfg = Debug|Any CPU
		{E135AFC1-7D41-4CC1-AFF9-B4661D10235C}.Debug|Any CPU.Build.0 = Debug|Any CPU
		{E135AFC1-7D41-4CC1-AFF9-B4661D10235C}.Release|Any CPU.ActiveCfg = Release|Any CPU
		{E135AFC1-7D41-4CC1-AFF9-B4661D10235C}.Release|Any CPU.Build.0 = Release|Any CPU
		{A3BA45EE-E862-43DA-8FC6-B4A7095232E1}.Debug|Any CPU.ActiveCfg = Debug|Any CPU
		{A3BA45EE-E862-43DA-8FC6-B4A7095232E1}.Debug|Any CPU.Build.0 = Debug|Any CPU
		{A3BA45EE-E862-43DA-8FC6-B4A7095232E1}.Release|Any CPU.ActiveCfg = Release|Any CPU
		{A3BA45EE-E862-43DA-8FC6-B4A7095232E1}.Release|Any CPU.Build.0 = Release|Any CPU
		{22BC0AD0-0103-4EE2-ADEB-8095769003FC}.Debug|Any CPU.ActiveCfg = Debug|Any CPU
		{22BC0AD0-0103-4EE2-ADEB-8095769003FC}.Debug|Any CPU.Build.0 = Debug|Any CPU
		{22BC0AD0-0103-4EE2-ADEB-8095769003FC}.Release|Any CPU.ActiveCfg = Release|Any CPU
		{22BC0AD0-0103-4EE2-ADEB-8095769003FC}.Release|Any CPU.Build.0 = Release|Any CPU
		{EBC0B23A-D0CB-4CBD-A5E0-2E8AFD17C350}.Debug|Any CPU.ActiveCfg = Debug|Any CPU
		{EBC0B23A-D0CB-4CBD-A5E0-2E8AFD17C350}.Debug|Any CPU.Build.0 = Debug|Any CPU
		{EBC0B23A-D0CB-4CBD-A5E0-2E8AFD17C350}.Release|Any CPU.ActiveCfg = Release|Any CPU
		{EBC0B23A-D0CB-4CBD-A5E0-2E8AFD17C350}.Release|Any CPU.Build.0 = Release|Any CPU
		{90BDBEB8-6FDD-46FC-8C97-B9DF3DDC8ECB}.Debug|Any CPU.ActiveCfg = Debug|Any CPU
		{90BDBEB8-6FDD-46FC-8C97-B9DF3DDC8ECB}.Debug|Any CPU.Build.0 = Debug|Any CPU
		{90BDBEB8-6FDD-46FC-8C97-B9DF3DDC8ECB}.Release|Any CPU.ActiveCfg = Release|Any CPU
		{90BDBEB8-6FDD-46FC-8C97-B9DF3DDC8ECB}.Release|Any CPU.Build.0 = Release|Any CPU
		{FD69E5B6-5F48-4ECF-A920-E95AB1C0A630}.Debug|Any CPU.ActiveCfg = Debug|Any CPU
		{FD69E5B6-5F48-4ECF-A920-E95AB1C0A630}.Debug|Any CPU.Build.0 = Debug|Any CPU
		{FD69E5B6-5F48-4ECF-A920-E95AB1C0A630}.Release|Any CPU.ActiveCfg = Release|Any CPU
		{FD69E5B6-5F48-4ECF-A920-E95AB1C0A630}.Release|Any CPU.Build.0 = Release|Any CPU
	EndGlobalSection
	GlobalSection(SolutionProperties) = preSolution
		HideSolutionNode = FALSE
	EndGlobalSection
EndGlobal
