Microsoft Visual Studio Solution File, Format Version 9.00
# Visual Studio 2005
Project("{FAE04EC0-301F-11D3-BF4B-00C04F79EFBC}") = "OpenSim.Storage.LocalStorageDb4o", "OpenSim.Storage\LocalStorageDb4o\OpenSim.Storage.LocalStorageDb4o.csproj", "{C4041B28-BEBA-4171-A64A-8855B612BD7C}"
EndProject
Project("{FAE04EC0-301F-11D3-BF4B-00C04F79EFBC}") = "OpenSim.Framework.Console", "OpenSim.Framework.Console\OpenSim.Framework.Console.csproj", "{61ED0F60-1E9B-4F1F-B45B-FB6418F92845}"
EndProject
Project("{FAE04EC0-301F-11D3-BF4B-00C04F79EFBC}") = "OpenSim.Config.SimConfigDb4o", "OpenSim.Config\SimConfigDb4o\OpenSim.Config.SimConfigDb4o.csproj", "{036E3EE7-2879-4975-AF77-FE1112ECD3E9}"
EndProject
Project("{FAE04EC0-301F-11D3-BF4B-00C04F79EFBC}") = "OpenSim.Physics.BasicPhysicsPlugin", "OpenSim.Physics\BasicPhysicsPlugin\OpenSim.Physics.BasicPhysicsPlugin.csproj", "{4E6EF664-0598-4222-9AC8-BD77DDE3E17C}"
EndProject
Project("{FAE04EC0-301F-11D3-BF4B-00C04F79EFBC}") = "OpenSim.GridInterfaces.Remote", "OpenSim.GridInterfaces\Remote\OpenSim.GridInterfaces.Remote.csproj", "{20C5B7F5-EBFD-46BD-8F4C-C5FE29D10F92}"
EndProject
Project("{FAE04EC0-301F-11D3-BF4B-00C04F79EFBC}") = "OpenSim.Framework", "OpenSim.Framework\OpenSim.Framework.csproj", "{B08C9FD1-28C4-4EA3-8317-7D81564DDC07}"
EndProject
Project("{FAE04EC0-301F-11D3-BF4B-00C04F79EFBC}") = "OpenSim.Physics.PhysXplugin", "OpenSim.Physics\PhysXplugin\OpenSim.Physics.PhysXplugin.csproj", "{667016C2-FA4E-410F-8AA2-4FD24F9F8091}"
EndProject
Project("{FAE04EC0-301F-11D3-BF4B-00C04F79EFBC}") = "OpenSim.RegionServer", "OpenSim.RegionServer\OpenSim.RegionServer.csproj", "{7F3535FA-3EEA-4236-BFB2-5B59CE78F87F}"
EndProject
Project("{FAE04EC0-301F-11D3-BF4B-00C04F79EFBC}") = "OpenSim.Physics.Manager", "OpenSim.Physics\Manager\OpenSim.Physics.Manager.csproj", "{4061B5D6-24D0-4C7A-88D7-B0FE7FAE1774}"
EndProject
Project("{FAE04EC0-301F-11D3-BF4B-00C04F79EFBC}") = "OpenSim.GridInterfaces.Local", "OpenSim.GridInterfaces\Local\OpenSim.GridInterfaces.Local.csproj", "{13DD8941-91C2-419C-B9EC-56D79EA1B1E2}"
EndProject
Global
  GlobalSection(SolutionConfigurationPlatforms) = preSolution
    Debug|Any CPU = Debug|Any CPU
    Release|Any CPU = Release|Any CPU
  EndGlobalSection
  GlobalSection(ProjectDependencies) = postSolution
    ({C4041B28-BEBA-4171-A64A-8855B612BD7C}).4 = ({B08C9FD1-28C4-4EA3-8317-7D81564DDC07})
    ({C4041B28-BEBA-4171-A64A-8855B612BD7C}).5 = ({61ED0F60-1E9B-4F1F-B45B-FB6418F92845})
    ({036E3EE7-2879-4975-AF77-FE1112ECD3E9}).5 = ({B08C9FD1-28C4-4EA3-8317-7D81564DDC07})
    ({036E3EE7-2879-4975-AF77-FE1112ECD3E9}).6 = ({61ED0F60-1E9B-4F1F-B45B-FB6418F92845})
    ({4E6EF664-0598-4222-9AC8-BD77DDE3E17C}).2 = ({4061B5D6-24D0-4C7A-88D7-B0FE7FAE1774})
    ({20C5B7F5-EBFD-46BD-8F4C-C5FE29D10F92}).3 = ({B08C9FD1-28C4-4EA3-8317-7D81564DDC07})
    ({20C5B7F5-EBFD-46BD-8F4C-C5FE29D10F92}).4 = ({61ED0F60-1E9B-4F1F-B45B-FB6418F92845})
    ({667016C2-FA4E-410F-8AA2-4FD24F9F8091}).3 = ({4061B5D6-24D0-4C7A-88D7-B0FE7FAE1774})
    ({7F3535FA-3EEA-4236-BFB2-5B59CE78F87F}).5 = ({61ED0F60-1E9B-4F1F-B45B-FB6418F92845})
    ({7F3535FA-3EEA-4236-BFB2-5B59CE78F87F}).6 = ({4061B5D6-24D0-4C7A-88D7-B0FE7FAE1774})
    ({7F3535FA-3EEA-4236-BFB2-5B59CE78F87F}).7 = ({B08C9FD1-28C4-4EA3-8317-7D81564DDC07})
    ({4061B5D6-24D0-4C7A-88D7-B0FE7FAE1774}).3 = ({61ED0F60-1E9B-4F1F-B45B-FB6418F92845})
    ({13DD8941-91C2-419C-B9EC-56D79EA1B1E2}).4 = ({B08C9FD1-28C4-4EA3-8317-7D81564DDC07})
    ({13DD8941-91C2-419C-B9EC-56D79EA1B1E2}).5 = ({61ED0F60-1E9B-4F1F-B45B-FB6418F92845})
  EndGlobalSection
  GlobalSection(ProjectConfigurationPlatforms) = postSolution
    {C4041B28-BEBA-4171-A64A-8855B612BD7C}.Debug|Any CPU.ActiveCfg = Debug|Any CPU
    {C4041B28-BEBA-4171-A64A-8855B612BD7C}.Debug|Any CPU.Build.0 = Debug|Any CPU
    {C4041B28-BEBA-4171-A64A-8855B612BD7C}.Release|Any CPU.ActiveCfg = Release|Any CPU
    {C4041B28-BEBA-4171-A64A-8855B612BD7C}.Release|Any CPU.Build.0 = Release|Any CPU
    {61ED0F60-1E9B-4F1F-B45B-FB6418F92845}.Debug|Any CPU.ActiveCfg = Debug|Any CPU
    {61ED0F60-1E9B-4F1F-B45B-FB6418F92845}.Debug|Any CPU.Build.0 = Debug|Any CPU
    {61ED0F60-1E9B-4F1F-B45B-FB6418F92845}.Release|Any CPU.ActiveCfg = Release|Any CPU
    {61ED0F60-1E9B-4F1F-B45B-FB6418F92845}.Release|Any CPU.Build.0 = Release|Any CPU
    {036E3EE7-2879-4975-AF77-FE1112ECD3E9}.Debug|Any CPU.ActiveCfg = Debug|Any CPU
    {036E3EE7-2879-4975-AF77-FE1112ECD3E9}.Debug|Any CPU.Build.0 = Debug|Any CPU
    {036E3EE7-2879-4975-AF77-FE1112ECD3E9}.Release|Any CPU.ActiveCfg = Release|Any CPU
    {036E3EE7-2879-4975-AF77-FE1112ECD3E9}.Release|Any CPU.Build.0 = Release|Any CPU
    {4E6EF664-0598-4222-9AC8-BD77DDE3E17C}.Debug|Any CPU.ActiveCfg = Debug|Any CPU
    {4E6EF664-0598-4222-9AC8-BD77DDE3E17C}.Debug|Any CPU.Build.0 = Debug|Any CPU
    {4E6EF664-0598-4222-9AC8-BD77DDE3E17C}.Release|Any CPU.ActiveCfg = Release|Any CPU
    {4E6EF664-0598-4222-9AC8-BD77DDE3E17C}.Release|Any CPU.Build.0 = Release|Any CPU
    {20C5B7F5-EBFD-46BD-8F4C-C5FE29D10F92}.Debug|Any CPU.ActiveCfg = Debug|Any CPU
    {20C5B7F5-EBFD-46BD-8F4C-C5FE29D10F92}.Debug|Any CPU.Build.0 = Debug|Any CPU
    {20C5B7F5-EBFD-46BD-8F4C-C5FE29D10F92}.Release|Any CPU.ActiveCfg = Release|Any CPU
    {20C5B7F5-EBFD-46BD-8F4C-C5FE29D10F92}.Release|Any CPU.Build.0 = Release|Any CPU
    {B08C9FD1-28C4-4EA3-8317-7D81564DDC07}.Debug|Any CPU.ActiveCfg = Debug|Any CPU
    {B08C9FD1-28C4-4EA3-8317-7D81564DDC07}.Debug|Any CPU.Build.0 = Debug|Any CPU
    {B08C9FD1-28C4-4EA3-8317-7D81564DDC07}.Release|Any CPU.ActiveCfg = Release|Any CPU
    {B08C9FD1-28C4-4EA3-8317-7D81564DDC07}.Release|Any CPU.Build.0 = Release|Any CPU
    {667016C2-FA4E-410F-8AA2-4FD24F9F8091}.Debug|Any CPU.ActiveCfg = Debug|Any CPU
    {667016C2-FA4E-410F-8AA2-4FD24F9F8091}.Debug|Any CPU.Build.0 = Debug|Any CPU
    {667016C2-FA4E-410F-8AA2-4FD24F9F8091}.Release|Any CPU.ActiveCfg = Release|Any CPU
    {667016C2-FA4E-410F-8AA2-4FD24F9F8091}.Release|Any CPU.Build.0 = Release|Any CPU
    {7F3535FA-3EEA-4236-BFB2-5B59CE78F87F}.Debug|Any CPU.ActiveCfg = Debug|Any CPU
    {7F3535FA-3EEA-4236-BFB2-5B59CE78F87F}.Debug|Any CPU.Build.0 = Debug|Any CPU
    {7F3535FA-3EEA-4236-BFB2-5B59CE78F87F}.Release|Any CPU.ActiveCfg = Release|Any CPU
    {7F3535FA-3EEA-4236-BFB2-5B59CE78F87F}.Release|Any CPU.Build.0 = Release|Any CPU
    {4061B5D6-24D0-4C7A-88D7-B0FE7FAE1774}.Debug|Any CPU.ActiveCfg = Debug|Any CPU
    {4061B5D6-24D0-4C7A-88D7-B0FE7FAE1774}.Debug|Any CPU.Build.0 = Debug|Any CPU
    {4061B5D6-24D0-4C7A-88D7-B0FE7FAE1774}.Release|Any CPU.ActiveCfg = Release|Any CPU
    {4061B5D6-24D0-4C7A-88D7-B0FE7FAE1774}.Release|Any CPU.Build.0 = Release|Any CPU
    {13DD8941-91C2-419C-B9EC-56D79EA1B1E2}.Debug|Any CPU.ActiveCfg = Debug|Any CPU
    {13DD8941-91C2-419C-B9EC-56D79EA1B1E2}.Debug|Any CPU.Build.0 = Debug|Any CPU
    {13DD8941-91C2-419C-B9EC-56D79EA1B1E2}.Release|Any CPU.ActiveCfg = Release|Any CPU
    {13DD8941-91C2-419C-B9EC-56D79EA1B1E2}.Release|Any CPU.Build.0 = Release|Any CPU
  EndGlobalSection
  GlobalSection(SolutionProperties) = preSolution
    HideSolutionNode = FALSE
  EndGlobalSection
EndGlobal
